
Microsoft Visual Studio Solution File, Format Version 12.00
# Visual Studio 15
VisualStudioVersion = 15.0.28307.168
MinimumVisualStudioVersion = 10.0.40219.1
Project("{FAE04EC0-301F-11D3-BF4B-00C04F79EFBC}") = "EFCoreInAction", "EFCoreInAction\EFCoreInAction.csproj", "{BB7CE9A5-E786-48D7-BD54-22C640B5E38D}"
EndProject
Project("{FAE04EC0-301F-11D3-BF4B-00C04F79EFBC}") = "CamadaAcessoDados", "CamadaAcessoDados\CamadaAcessoDados.csproj", "{23E56AC0-0530-4D3F-A6D4-0F5188B41B05}"
EndProject
Global
	GlobalSection(SolutionConfigurationPlatforms) = preSolution
		Debug|Any CPU = Debug|Any CPU
		Release|Any CPU = Release|Any CPU
	EndGlobalSection
	GlobalSection(ProjectConfigurationPlatforms) = postSolution
		{BB7CE9A5-E786-48D7-BD54-22C640B5E38D}.Debug|Any CPU.ActiveCfg = Debug|Any CPU
		{BB7CE9A5-E786-48D7-BD54-22C640B5E38D}.Debug|Any CPU.Build.0 = Debug|Any CPU
		{BB7CE9A5-E786-48D7-BD54-22C640B5E38D}.Release|Any CPU.ActiveCfg = Release|Any CPU
		{BB7CE9A5-E786-48D7-BD54-22C640B5E38D}.Release|Any CPU.Build.0 = Release|Any CPU
		{23E56AC0-0530-4D3F-A6D4-0F5188B41B05}.Debug|Any CPU.ActiveCfg = Debug|Any CPU
		{23E56AC0-0530-4D3F-A6D4-0F5188B41B05}.Debug|Any CPU.Build.0 = Debug|Any CPU
		{23E56AC0-0530-4D3F-A6D4-0F5188B41B05}.Release|Any CPU.ActiveCfg = Release|Any CPU
		{23E56AC0-0530-4D3F-A6D4-0F5188B41B05}.Release|Any CPU.Build.0 = Release|Any CPU
	EndGlobalSection
	GlobalSection(SolutionProperties) = preSolution
		HideSolutionNode = FALSE
	EndGlobalSection
	GlobalSection(ExtensibilityGlobals) = postSolution
		SolutionGuid = {DA254BE3-D9BC-4AA1-8D97-7E4965F25FD3}
	EndGlobalSection
EndGlobal
